PODS:
  - Alamofire (4.8.0)
  - Cuckoo (0.12.0)
  - Kingfisher (4.9.0)
  - MaterialComponents/AnimationTiming (70.0.0)
  - MaterialComponents/Ink (70.0.0):
    - MaterialComponents/private/Math
  - MaterialComponents/private/Application (70.0.0)
  - MaterialComponents/private/Math (70.0.0)
  - MaterialComponents/ShadowElevations (70.0.0)
  - MaterialComponents/ShadowLayer (70.0.0):
    - MaterialComponents/ShadowElevations
  - MaterialComponents/Tabs (70.0.0):
    - MaterialComponents/AnimationTiming
    - MaterialComponents/Ink
    - MaterialComponents/private/Math
    - MaterialComponents/ShadowElevations
    - MaterialComponents/ShadowLayer
    - MaterialComponents/Typography
    - MDFInternationalization
  - MaterialComponents/Typography (70.0.0):
    - MaterialComponents/private/Application
    - MaterialComponents/private/Math
  - MDFInternationalization (1.1.0)
  - Nimble (7.3.1)
  - Quick (1.3.2)
  - Realm (3.11.2):
    - Realm/Headers (= 3.11.2)
  - Realm/Headers (3.11.2)
  - RealmSwift (3.11.2):
    - Realm (= 3.11.2)
  - RxAtomic (4.4.0)
  - RxBlocking (4.4.0):
    - RxAtomic (~> 4.4)
    - RxSwift (~> 4.0)
  - RxCocoa (4.4.0):
    - RxSwift (~> 4.0)
  - RxSwift (4.4.0):
    - RxAtomic (~> 4.4)
  - RxTest (4.4.0):
    - RxAtomic (~> 4.4)
    - RxSwift (~> 4.0)

DEPENDENCIES:
  - Alamofire (~> 4.7)
  - Cuckoo
  - Kingfisher (= 4.9.0)
  - MaterialComponents/Tabs
  - Nimble
  - Quick
  - RealmSwift
  - RxBlocking (~> 4.0)
  - RxCocoa (~> 4.0)
  - RxSwift (~> 4.0)
  - RxTest (~> 4.0)

SPEC REPOS:
  https://github.com/CocoaPods/Specs.git:
    - Alamofire
    - Cuckoo
    - Kingfisher
    - MaterialComponents
    - MDFInternationalization
    - Nimble
    - Quick
    - Realm
    - RealmSwift
    - RxAtomic
    - RxBlocking
    - RxCocoa
    - RxSwift
    - RxTest

SPEC CHECKSUMS:
  Alamofire: 3ec537f71edc9804815215393ae2b1a8ea33a844
  Cuckoo: d30b6c149e52ffbcfe6b4a9543e4627d08947274
  Kingfisher: 64539b51826b778206daa6ed815d12653caa69dd
  MaterialComponents: 7c107af5ae6566de2f1ba94bde3db99d1b874bab
  MDFInternationalization: b5b8626628abf026e630e5ebaeee563037712cbb
  Nimble: 04f732da099ea4d153122aec8c2a88fd0c7219ae
  Quick: 2623cb30d7a7f41ca62f684f679586558f483d46
  Realm: 864477d028db77f7c5a0cba64a4892ad53db128a
  RealmSwift: 12b8262fc08020b47de4fd88eb3d5c9425b34ec7
  RxAtomic: eacf60db868c96bfd63320e28619fe29c179656f
  RxBlocking: 138ad53217434444d6eeeb4fb406a45431d92e31
  RxCocoa: df63ebf7b9a70d6b4eeea407ed5dd4efc8979749
  RxSwift: 5976ecd04fc2fefd648827c23de5e11157faa973
  RxTest: 19d03286bdc0a3aaea5d61d4cde31fdf4bb8a5ba

PODFILE CHECKSUM: da2c0cfb7c2d91cee8f867014371ea77d01b8f77

COCOAPODS: 1.5.0
