// !$*UTF8*$!
{
	archiveVersion = 1;
	classes = {
	};
	objectVersion = 50;
	objects = {

/* Begin PBXBuildFile section */
		B7B2FA0A40F751BDAEE14888 /* Pods_AvazBa.framework in Frameworks */ = {isa = PBXBuildFile; fileRef = 3F49A77D87C1099CCB85723B /* Pods_AvazBa.framework */; };
		C1828320723B55274748A23B /* Pods_AvazBaTests.framework in Frameworks */ = {isa = PBXBuildFile; fileRef = 5937AAF90F1C1F9BE294EA13 /* Pods_AvazBaTests.framework */; };
		D567736D21A2330300FD2D44 /* RobotoSlab-Bold.ttf in Resources */ = {isa = PBXBuildFile; fileRef = D567736721A230E300FD2D44 /* RobotoSlab-Bold.ttf */; };
		D567736E21A2330300FD2D44 /* Lato-Regular.ttf in Resources */ = {isa = PBXBuildFile; fileRef = D567736521A230D700FD2D44 /* Lato-Regular.ttf */; };
		D56F23AE219ED2E8009B17B6 /* AppCoordinator.swift in Sources */ = {isa = PBXBuildFile; fileRef = D56F23AA219ED2E8009B17B6 /* AppCoordinator.swift */; };
		D56F23B0219ED2E8009B17B6 /* CoordinatorDelegate.swift in Sources */ = {isa = PBXBuildFile; fileRef = D56F23AC219ED2E8009B17B6 /* CoordinatorDelegate.swift */; };
		D56F23B1219ED2E8009B17B6 /* Coordinator.swift in Sources */ = {isa = PBXBuildFile; fileRef = D56F23AD219ED2E8009B17B6 /* Coordinator.swift */; };
		D56F23B7219ED6E0009B17B6 /* MainScreenCoordinator.swift in Sources */ = {isa = PBXBuildFile; fileRef = D56F23B6219ED6E0009B17B6 /* MainScreenCoordinator.swift */; };
		D56F23B9219ED949009B17B6 /* MainViewModel.swift in Sources */ = {isa = PBXBuildFile; fileRef = D56F23B8219ED949009B17B6 /* MainViewModel.swift */; };
		D56F23BB219EDA19009B17B6 /* MainViewModelProtocol.swift in Sources */ = {isa = PBXBuildFile; fileRef = D56F23BA219EDA19009B17B6 /* MainViewModelProtocol.swift */; };
		D56F23C0219EDFA8009B17B6 /* RepositoryProtocol.swift in Sources */ = {isa = PBXBuildFile; fileRef = D56F23BF219EDFA8009B17B6 /* RepositoryProtocol.swift */; };
		D56F608121A18C9A00DDE70D /* Repository.swift in Sources */ = {isa = PBXBuildFile; fileRef = D56F608021A18C9A00DDE70D /* Repository.swift */; };
		D57D6226219DBA0C00A8479F /* AppDelegate.swift in Sources */ = {isa = PBXBuildFile; fileRef = D57D6225219DBA0C00A8479F /* AppDelegate.swift */; };
		D57D622D219DBA0D00A8479F /* Assets.xcassets in Resources */ = {isa = PBXBuildFile; fileRef = D57D622C219DBA0D00A8479F /* Assets.xcassets */; };
		D57D623B219DBA0D00A8479F /* MainScreenTests.swift in Sources */ = {isa = PBXBuildFile; fileRef = D57D623A219DBA0D00A8479F /* MainScreenTests.swift */; };
		D5932A1C21A0D8C800BBA8E0 /* CustomCell.swift in Sources */ = {isa = PBXBuildFile; fileRef = D5932A1B21A0D8C800BBA8E0 /* CustomCell.swift */; };
		D5CA30F8219EE311007BE8F9 /* MainViewController.swift in Sources */ = {isa = PBXBuildFile; fileRef = D5CA30F7219EE311007BE8F9 /* MainViewController.swift */; };
		D5CA30FC219EE699007BE8F9 /* Article.swift in Sources */ = {isa = PBXBuildFile; fileRef = D5CA30FB219EE699007BE8F9 /* Article.swift */; };
		D5CA30FE219EEC6A007BE8F9 /* GeneratedMocks.swift in Sources */ = {isa = PBXBuildFile; fileRef = D5CA30FD219EEC6A007BE8F9 /* GeneratedMocks.swift */; };
/* End PBXBuildFile section */

/* Begin PBXContainerItemProxy section */
		D57D6237219DBA0D00A8479F /* PBXContainerItemProxy */ = {
			isa = PBXContainerItemProxy;
			containerPortal = D57D621A219DBA0C00A8479F /* Project object */;
			proxyType = 1;
			remoteGlobalIDString = D57D6221219DBA0C00A8479F;
			remoteInfo = AvazBa;
		};
/* End PBXContainerItemProxy section */

/* Begin PBXFileReference section */
		3F49A77D87C1099CCB85723B /* Pods_AvazBa.framework */ = {isa = PBXFileReference; explicitFileType = wrapper.framework; includeInIndex = 0; path = Pods_AvazBa.framework; sourceTree = BUILT_PRODUCTS_DIR; };
		3F5BEFF6FACB63811E324786 /* Pods-AvazBaTests.release.xcconfig */ = {isa = PBXFileReference; includeInIndex = 1; lastKnownFileType = text.xcconfig; name = "Pods-AvazBaTests.release.xcconfig"; path = "Pods/Target Support Files/Pods-AvazBaTests/Pods-AvazBaTests.release.xcconfig"; sourceTree = "<group>"; };
		5937AAF90F1C1F9BE294EA13 /* Pods_AvazBaTests.framework */ = {isa = PBXFileReference; explicitFileType = wrapper.framework; includeInIndex = 0; path = Pods_AvazBaTests.framework; sourceTree = BUILT_PRODUCTS_DIR; };
		62FEDC6E800B8DBF1D759572 /* Pods-AvazBa.debug.xcconfig */ = {isa = PBXFileReference; includeInIndex = 1; lastKnownFileType = text.xcconfig; name = "Pods-AvazBa.debug.xcconfig"; path = "Pods/Target Support Files/Pods-AvazBa/Pods-AvazBa.debug.xcconfig"; sourceTree = "<group>"; };
		793C02A025C65463D7A0209F /* Pods-AvazBa.release.xcconfig */ = {isa = PBXFileReference; includeInIndex = 1; lastKnownFileType = text.xcconfig; name = "Pods-AvazBa.release.xcconfig"; path = "Pods/Target Support Files/Pods-AvazBa/Pods-AvazBa.release.xcconfig"; sourceTree = "<group>"; };
		D567736521A230D700FD2D44 /* Lato-Regular.ttf */ = {isa = PBXFileReference; lastKnownFileType = file; path = "Lato-Regular.ttf"; sourceTree = "<group>"; };
		D567736721A230E300FD2D44 /* RobotoSlab-Bold.ttf */ = {isa = PBXFileReference; lastKnownFileType = file; path = "RobotoSlab-Bold.ttf"; sourceTree = "<group>"; };
		D56F23AA219ED2E8009B17B6 /* AppCoordinator.swift */ = {isa = PBXFileReference; fileEncoding = 4; lastKnownFileType = sourcecode.swift; path = AppCoordinator.swift; sourceTree = "<group>"; };
		D56F23AC219ED2E8009B17B6 /* CoordinatorDelegate.swift */ = {isa = PBXFileReference; fileEncoding = 4; lastKnownFileType = sourcecode.swift; path = CoordinatorDelegate.swift; sourceTree = "<group>"; };
		D56F23AD219ED2E8009B17B6 /* Coordinator.swift */ = {isa = PBXFileReference; fileEncoding = 4; lastKnownFileType = sourcecode.swift; path = Coordinator.swift; sourceTree = "<group>"; };
		D56F23B6219ED6E0009B17B6 /* MainScreenCoordinator.swift */ = {isa = PBXFileReference; lastKnownFileType = sourcecode.swift; path = MainScreenCoordinator.swift; sourceTree = "<group>"; };
		D56F23B8219ED949009B17B6 /* MainViewModel.swift */ = {isa = PBXFileReference; lastKnownFileType = sourcecode.swift; path = MainViewModel.swift; sourceTree = "<group>"; };
		D56F23BA219EDA19009B17B6 /* MainViewModelProtocol.swift */ = {isa = PBXFileReference; lastKnownFileType = sourcecode.swift; path = MainViewModelProtocol.swift; sourceTree = "<group>"; };
		D56F23BF219EDFA8009B17B6 /* RepositoryProtocol.swift */ = {isa = PBXFileReference; lastKnownFileType = sourcecode.swift; path = RepositoryProtocol.swift; sourceTree = "<group>"; };
		D56F608021A18C9A00DDE70D /* Repository.swift */ = {isa = PBXFileReference; lastKnownFileType = sourcecode.swift; path = Repository.swift; sourceTree = "<group>"; };
		D57D6222219DBA0C00A8479F /* AvazBa.app */ = {isa = PBXFileReference; explicitFileType = wrapper.application; includeInIndex = 0; path = AvazBa.app; sourceTree = BUILT_PRODUCTS_DIR; };
		D57D6225219DBA0C00A8479F /* AppDelegate.swift */ = {isa = PBXFileReference; lastKnownFileType = sourcecode.swift; path = AppDelegate.swift; sourceTree = "<group>"; };
		D57D622C219DBA0D00A8479F /* Assets.xcassets */ = {isa = PBXFileReference; lastKnownFileType = folder.assetcatalog; path = Assets.xcassets; sourceTree = "<group>"; };
		D57D6231219DBA0D00A8479F /* Info.plist */ = {isa = PBXFileReference; lastKnownFileType = text.plist.xml; path = Info.plist; sourceTree = "<group>"; };
		D57D6236219DBA0D00A8479F /* AvazBaTests.xctest */ = {isa = PBXFileReference; explicitFileType = wrapper.cfbundle; includeInIndex = 0; path = AvazBaTests.xctest; sourceTree = BUILT_PRODUCTS_DIR; };
		D57D623A219DBA0D00A8479F /* MainScreenTests.swift */ = {isa = PBXFileReference; lastKnownFileType = sourcecode.swift; path = MainScreenTests.swift; sourceTree = "<group>"; };
		D57D623C219DBA0D00A8479F /* Info.plist */ = {isa = PBXFileReference; lastKnownFileType = text.plist.xml; path = Info.plist; sourceTree = "<group>"; };
		D5932A1B21A0D8C800BBA8E0 /* CustomCell.swift */ = {isa = PBXFileReference; lastKnownFileType = sourcecode.swift; path = CustomCell.swift; sourceTree = "<group>"; };
		D5CA30F7219EE311007BE8F9 /* MainViewController.swift */ = {isa = PBXFileReference; lastKnownFileType = sourcecode.swift; path = MainViewController.swift; sourceTree = "<group>"; };
		D5CA30FB219EE699007BE8F9 /* Article.swift */ = {isa = PBXFileReference; lastKnownFileType = sourcecode.swift; path = Article.swift; sourceTree = "<group>"; };
		D5CA30FD219EEC6A007BE8F9 /* GeneratedMocks.swift */ = {isa = PBXFileReference; fileEncoding = 4; lastKnownFileType = sourcecode.swift; path = GeneratedMocks.swift; sourceTree = "<group>"; };
		F81D8A49DBA37939FB664EEB /* Pods-AvazBaTests.debug.xcconfig */ = {isa = PBXFileReference; includeInIndex = 1; lastKnownFileType = text.xcconfig; name = "Pods-AvazBaTests.debug.xcconfig"; path = "Pods/Target Support Files/Pods-AvazBaTests/Pods-AvazBaTests.debug.xcconfig"; sourceTree = "<group>"; };
/* End PBXFileReference section */

/* Begin PBXFrameworksBuildPhase section */
		D57D621F219DBA0C00A8479F /* Frameworks */ = {
			isa = PBXFrameworksBuildPhase;
			buildActionMask = 2147483647;
			files = (
				B7B2FA0A40F751BDAEE14888 /* Pods_AvazBa.framework in Frameworks */,
			);
			runOnlyForDeploymentPostprocessing = 0;
		};
		D57D6233219DBA0D00A8479F /* Frameworks */ = {
			isa = PBXFrameworksBuildPhase;
			buildActionMask = 2147483647;
			files = (
				C1828320723B55274748A23B /* Pods_AvazBaTests.framework in Frameworks */,
			);
			runOnlyForDeploymentPostprocessing = 0;
		};
/* End PBXFrameworksBuildPhase section */

/* Begin PBXGroup section */
		5AB7390AD7E9FBB61E12AD50 /* Pods */ = {
			isa = PBXGroup;
			children = (
				62FEDC6E800B8DBF1D759572 /* Pods-AvazBa.debug.xcconfig */,
				793C02A025C65463D7A0209F /* Pods-AvazBa.release.xcconfig */,
				F81D8A49DBA37939FB664EEB /* Pods-AvazBaTests.debug.xcconfig */,
				3F5BEFF6FACB63811E324786 /* Pods-AvazBaTests.release.xcconfig */,
			);
			name = Pods;
			sourceTree = "<group>";
		};
		9AEB6C6D2A8862586F40087E /* Frameworks */ = {
			isa = PBXGroup;
			children = (
				3F49A77D87C1099CCB85723B /* Pods_AvazBa.framework */,
				5937AAF90F1C1F9BE294EA13 /* Pods_AvazBaTests.framework */,
			);
			name = Frameworks;
			sourceTree = "<group>";
		};
		D567736421A230C400FD2D44 /* Fonts */ = {
			isa = PBXGroup;
			children = (
				D567736721A230E300FD2D44 /* RobotoSlab-Bold.ttf */,
				D567736521A230D700FD2D44 /* Lato-Regular.ttf */,
			);
			path = Fonts;
			sourceTree = "<group>";
		};
		D56F23A9219ED2E8009B17B6 /* Coordinators */ = {
			isa = PBXGroup;
			children = (
				D56F23AA219ED2E8009B17B6 /* AppCoordinator.swift */,
				D56F23AC219ED2E8009B17B6 /* CoordinatorDelegate.swift */,
				D56F23AD219ED2E8009B17B6 /* Coordinator.swift */,
			);
			path = Coordinators;
			sourceTree = "<group>";
		};
		D56F23B5219ED477009B17B6 /* MainScreen */ = {
			isa = PBXGroup;
			children = (
				D5932A1A21A0D88F00BBA8E0 /* Custom cells */,
				D56F23BD219EDD8B009B17B6 /* ViewModel */,
				D56F23BC219EDD7C009B17B6 /* View */,
				D56F23B6219ED6E0009B17B6 /* MainScreenCoordinator.swift */,
			);
			path = MainScreen;
			sourceTree = "<group>";
		};
		D56F23BC219EDD7C009B17B6 /* View */ = {
			isa = PBXGroup;
			children = (
				D5CA30F7219EE311007BE8F9 /* MainViewController.swift */,
			);
			path = View;
			sourceTree = "<group>";
		};
		D56F23BD219EDD8B009B17B6 /* ViewModel */ = {
			isa = PBXGroup;
			children = (
				D56F23BA219EDA19009B17B6 /* MainViewModelProtocol.swift */,
				D56F23B8219ED949009B17B6 /* MainViewModel.swift */,
			);
			path = ViewModel;
			sourceTree = "<group>";
		};
		D56F23BE219EDF8F009B17B6 /* Repository */ = {
			isa = PBXGroup;
			children = (
				D56F23BF219EDFA8009B17B6 /* RepositoryProtocol.swift */,
				D56F608021A18C9A00DDE70D /* Repository.swift */,
			);
			path = Repository;
			sourceTree = "<group>";
		};
		D57D6219219DBA0C00A8479F = {
			isa = PBXGroup;
			children = (
				D57D6224219DBA0C00A8479F /* AvazBa */,
				D57D6239219DBA0D00A8479F /* AvazBaTests */,
				D57D6223219DBA0C00A8479F /* Products */,
				5AB7390AD7E9FBB61E12AD50 /* Pods */,
				9AEB6C6D2A8862586F40087E /* Frameworks */,
			);
			sourceTree = "<group>";
		};
		D57D6223219DBA0C00A8479F /* Products */ = {
			isa = PBXGroup;
			children = (
				D57D6222219DBA0C00A8479F /* AvazBa.app */,
				D57D6236219DBA0D00A8479F /* AvazBaTests.xctest */,
			);
			name = Products;
			sourceTree = "<group>";
		};
		D57D6224219DBA0C00A8479F /* AvazBa */ = {
			isa = PBXGroup;
			children = (
				D567736421A230C400FD2D44 /* Fonts */,
				D5CA30FA219EE68E007BE8F9 /* Model */,
				D56F23BE219EDF8F009B17B6 /* Repository */,
				D56F23B5219ED477009B17B6 /* MainScreen */,
				D56F23A9219ED2E8009B17B6 /* Coordinators */,
				D57D622C219DBA0D00A8479F /* Assets.xcassets */,
				D57D6231219DBA0D00A8479F /* Info.plist */,
				D57D6225219DBA0C00A8479F /* AppDelegate.swift */,
			);
			path = AvazBa;
			sourceTree = "<group>";
		};
		D57D6239219DBA0D00A8479F /* AvazBaTests */ = {
			isa = PBXGroup;
			children = (
				D5CA30FD219EEC6A007BE8F9 /* GeneratedMocks.swift */,
				D57D623A219DBA0D00A8479F /* MainScreenTests.swift */,
				D57D623C219DBA0D00A8479F /* Info.plist */,
			);
			path = AvazBaTests;
			sourceTree = "<group>";
		};
		D5932A1A21A0D88F00BBA8E0 /* Custom cells */ = {
			isa = PBXGroup;
			children = (
				D5932A1B21A0D8C800BBA8E0 /* CustomCell.swift */,
			);
			path = "Custom cells";
			sourceTree = "<group>";
		};
		D5CA30FA219EE68E007BE8F9 /* Model */ = {
			isa = PBXGroup;
			children = (
				D5CA30FB219EE699007BE8F9 /* Article.swift */,
			);
			path = Model;
			sourceTree = "<group>";
		};
/* End PBXGroup section */

/* Begin PBXNativeTarget section */
		D57D6221219DBA0C00A8479F /* AvazBa */ = {
			isa = PBXNativeTarget;
			buildConfigurationList = D57D623F219DBA0D00A8479F /* Build configuration list for PBXNativeTarget "AvazBa" */;
			buildPhases = (
				8D4E7E0B712DA749BDB4DEC0 /* [CP] Check Pods Manifest.lock */,
				D57D621E219DBA0C00A8479F /* Sources */,
				D57D621F219DBA0C00A8479F /* Frameworks */,
				D57D6220219DBA0C00A8479F /* Resources */,
				3DB9EC481174F9F08727EB14 /* [CP] Embed Pods Frameworks */,
			);
			buildRules = (
			);
			dependencies = (
			);
			name = AvazBa;
			productName = AvazBa;
			productReference = D57D6222219DBA0C00A8479F /* AvazBa.app */;
			productType = "com.apple.product-type.application";
		};
		D57D6235219DBA0D00A8479F /* AvazBaTests */ = {
			isa = PBXNativeTarget;
			buildConfigurationList = D57D6242219DBA0D00A8479F /* Build configuration list for PBXNativeTarget "AvazBaTests" */;
			buildPhases = (
				15819CB7184BBFC131D52A8E /* [CP] Check Pods Manifest.lock */,
				D57D6232219DBA0D00A8479F /* Sources */,
				D57D6233219DBA0D00A8479F /* Frameworks */,
				D5CA30F9219EE3A9007BE8F9 /* ShellScript */,
				D57D6234219DBA0D00A8479F /* Resources */,
				8AEDD3B8B663E75BD471AC0E /* [CP] Embed Pods Frameworks */,
			);
			buildRules = (
			);
			dependencies = (
				D57D6238219DBA0D00A8479F /* PBXTargetDependency */,
			);
			name = AvazBaTests;
			productName = AvazBaTests;
			productReference = D57D6236219DBA0D00A8479F /* AvazBaTests.xctest */;
			productType = "com.apple.product-type.bundle.unit-test";
		};
/* End PBXNativeTarget section */

/* Begin PBXProject section */
		D57D621A219DBA0C00A8479F /* Project object */ = {
			isa = PBXProject;
			attributes = {
				LastSwiftUpdateCheck = 0940;
				LastUpgradeCheck = 0940;
				ORGANIZATIONNAME = "Valentin Šarić";
				TargetAttributes = {
					D57D6221219DBA0C00A8479F = {
						CreatedOnToolsVersion = 9.4.1;
					};
					D57D6235219DBA0D00A8479F = {
						CreatedOnToolsVersion = 9.4.1;
						TestTargetID = D57D6221219DBA0C00A8479F;
					};
				};
			};
			buildConfigurationList = D57D621D219DBA0C00A8479F /* Build configuration list for PBXProject "AvazBa" */;
			compatibilityVersion = "Xcode 9.3";
			developmentRegion = en;
			hasScannedForEncodings = 0;
			knownRegions = (
				en,
				Base,
			);
			mainGroup = D57D6219219DBA0C00A8479F;
			productRefGroup = D57D6223219DBA0C00A8479F /* Products */;
			projectDirPath = "";
			projectRoot = "";
			targets = (
				D57D6221219DBA0C00A8479F /* AvazBa */,
				D57D6235219DBA0D00A8479F /* AvazBaTests */,
			);
		};
/* End PBXProject section */

/* Begin PBXResourcesBuildPhase section */
		D57D6220219DBA0C00A8479F /* Resources */ = {
			isa = PBXResourcesBuildPhase;
			buildActionMask = 2147483647;
			files = (
				D567736D21A2330300FD2D44 /* RobotoSlab-Bold.ttf in Resources */,
				D567736E21A2330300FD2D44 /* Lato-Regular.ttf in Resources */,
				D57D622D219DBA0D00A8479F /* Assets.xcassets in Resources */,
			);
			runOnlyForDeploymentPostprocessing = 0;
		};
		D57D6234219DBA0D00A8479F /* Resources */ = {
			isa = PBXResourcesBuildPhase;
			buildActionMask = 2147483647;
			files = (
			);
			runOnlyForDeploymentPostprocessing = 0;
		};
/* End PBXResourcesBuildPhase section */

/* Begin PBXShellScriptBuildPhase section */
		15819CB7184BBFC131D52A8E /* [CP] Check Pods Manifest.lock */ = {
			isa = PBXShellScriptBuildPhase;
			buildActionMask = 2147483647;
			files = (
			);
			inputPaths = (
				"${PODS_PODFILE_DIR_PATH}/Podfile.lock",
				"${PODS_ROOT}/Manifest.lock",
			);
			name = "[CP] Check Pods Manifest.lock";
			outputPaths = (
				"$(DERIVED_FILE_DIR)/Pods-AvazBaTests-checkManifestLockResult.txt",
			);
			runOnlyForDeploymentPostprocessing = 0;
			shellPath = /bin/sh;
			shellScript = "diff \"${PODS_PODFILE_DIR_PATH}/Podfile.lock\" \"${PODS_ROOT}/Manifest.lock\" > /dev/null\nif [ $? != 0 ] ; then\n    # print error to STDERR\n    echo \"error: The sandbox is not in sync with the Podfile.lock. Run 'pod install' or update your CocoaPods installation.\" >&2\n    exit 1\nfi\n# This output is used by Xcode 'outputs' to avoid re-running this script phase.\necho \"SUCCESS\" > \"${SCRIPT_OUTPUT_FILE_0}\"\n";
			showEnvVarsInLog = 0;
		};
		3DB9EC481174F9F08727EB14 /* [CP] Embed Pods Frameworks */ = {
			isa = PBXShellScriptBuildPhase;
			buildActionMask = 2147483647;
			files = (
			);
			inputPaths = (
				"${SRCROOT}/Pods/Target Support Files/Pods-AvazBa/Pods-AvazBa-frameworks.sh",
				"${BUILT_PRODUCTS_DIR}/Alamofire/Alamofire.framework",
				"${BUILT_PRODUCTS_DIR}/Cuckoo/Cuckoo.framework",
				"${BUILT_PRODUCTS_DIR}/Kingfisher/Kingfisher.framework",
				"${BUILT_PRODUCTS_DIR}/Realm/Realm.framework",
				"${BUILT_PRODUCTS_DIR}/RealmSwift/RealmSwift.framework",
				"${BUILT_PRODUCTS_DIR}/RxAtomic/RxAtomic.framework",
				"${BUILT_PRODUCTS_DIR}/RxBlocking/RxBlocking.framework",
				"${BUILT_PRODUCTS_DIR}/RxCocoa/RxCocoa.framework",
				"${BUILT_PRODUCTS_DIR}/RxSwift/RxSwift.framework",
				"${BUILT_PRODUCTS_DIR}/RxTest/RxTest.framework",
			);
			name = "[CP] Embed Pods Frameworks";
			outputPaths = (
				"${TARGET_BUILD_DIR}/${FRAMEWORKS_FOLDER_PATH}/Alamofire.framework",
				"${TARGET_BUILD_DIR}/${FRAMEWORKS_FOLDER_PATH}/Cuckoo.framework",
				"${TARGET_BUILD_DIR}/${FRAMEWORKS_FOLDER_PATH}/Kingfisher.framework",
				"${TARGET_BUILD_DIR}/${FRAMEWORKS_FOLDER_PATH}/Realm.framework",
				"${TARGET_BUILD_DIR}/${FRAMEWORKS_FOLDER_PATH}/RealmSwift.framework",
				"${TARGET_BUILD_DIR}/${FRAMEWORKS_FOLDER_PATH}/RxAtomic.framework",
				"${TARGET_BUILD_DIR}/${FRAMEWORKS_FOLDER_PATH}/RxBlocking.framework",
				"${TARGET_BUILD_DIR}/${FRAMEWORKS_FOLDER_PATH}/RxCocoa.framework",
				"${TARGET_BUILD_DIR}/${FRAMEWORKS_FOLDER_PATH}/RxSwift.framework",
				"${TARGET_BUILD_DIR}/${FRAMEWORKS_FOLDER_PATH}/RxTest.framework",
			);
			runOnlyForDeploymentPostprocessing = 0;
			shellPath = /bin/sh;
			shellScript = "\"${SRCROOT}/Pods/Target Support Files/Pods-AvazBa/Pods-AvazBa-frameworks.sh\"\n";
			showEnvVarsInLog = 0;
		};
		8AEDD3B8B663E75BD471AC0E /* [CP] Embed Pods Frameworks */ = {
			isa = PBXShellScriptBuildPhase;
			buildActionMask = 2147483647;
			files = (
			);
			inputPaths = (
				"${SRCROOT}/Pods/Target Support Files/Pods-AvazBaTests/Pods-AvazBaTests-frameworks.sh",
				"${BUILT_PRODUCTS_DIR}/Nimble/Nimble.framework",
				"${BUILT_PRODUCTS_DIR}/Quick/Quick.framework",
			);
			name = "[CP] Embed Pods Frameworks";
			outputPaths = (
				"${TARGET_BUILD_DIR}/${FRAMEWORKS_FOLDER_PATH}/Nimble.framework",
				"${TARGET_BUILD_DIR}/${FRAMEWORKS_FOLDER_PATH}/Quick.framework",
			);
			runOnlyForDeploymentPostprocessing = 0;
			shellPath = /bin/sh;
			shellScript = "\"${SRCROOT}/Pods/Target Support Files/Pods-AvazBaTests/Pods-AvazBaTests-frameworks.sh\"\n";
			showEnvVarsInLog = 0;
		};
		8D4E7E0B712DA749BDB4DEC0 /* [CP] Check Pods Manifest.lock */ = {
			isa = PBXShellScriptBuildPhase;
			buildActionMask = 2147483647;
			files = (
			);
			inputPaths = (
				"${PODS_PODFILE_DIR_PATH}/Podfile.lock",
				"${PODS_ROOT}/Manifest.lock",
			);
			name = "[CP] Check Pods Manifest.lock";
			outputPaths = (
				"$(DERIVED_FILE_DIR)/Pods-AvazBa-checkManifestLockResult.txt",
			);
			runOnlyForDeploymentPostprocessing = 0;
			shellPath = /bin/sh;
			shellScript = "diff \"${PODS_PODFILE_DIR_PATH}/Podfile.lock\" \"${PODS_ROOT}/Manifest.lock\" > /dev/null\nif [ $? != 0 ] ; then\n    # print error to STDERR\n    echo \"error: The sandbox is not in sync with the Podfile.lock. Run 'pod install' or update your CocoaPods installation.\" >&2\n    exit 1\nfi\n# This output is used by Xcode 'outputs' to avoid re-running this script phase.\necho \"SUCCESS\" > \"${SCRIPT_OUTPUT_FILE_0}\"\n";
			showEnvVarsInLog = 0;
		};
		D5CA30F9219EE3A9007BE8F9 /* ShellScript */ = {
			isa = PBXShellScriptBuildPhase;
			buildActionMask = 2147483647;
			files = (
			);
			inputPaths = (
			);
			outputPaths = (
			);
			runOnlyForDeploymentPostprocessing = 0;
			shellPath = /bin/sh;
			shellScript = "# Define output file. Change \"$PROJECT_DIR/${PROJECT_NAME}Tests\" to your test's root source folder, if it's not the default name.\nOUTPUT_FILE=\"$PROJECT_DIR/${PROJECT_NAME}Tests/GeneratedMocks.swift\"\necho \"Generated Mocks File = $OUTPUT_FILE\"\n\n# Define input directory. Change \"${PROJECT_DIR}/${PROJECT_NAME}\" to your project's root source folder, if it's not the default name.\nINPUT_DIR=\"${PROJECT_DIR}/${PROJECT_NAME}\"\necho \"Mocks Input Directory = $INPUT_DIR\"\n\n# Generate mock files, include as many input files as you'd like to create mocks for.\n\"${PODS_ROOT}/Cuckoo/run\" generate --testable \"$PROJECT_NAME\" \\\n--output \"${OUTPUT_FILE}\" \\\n\"$INPUT_DIR/Repository/RepositoryProtocol.swift\"\n# ... and so forth, the last line should never end with a backslash\n\n# After running once, locate `GeneratedMocks.swift` and drag it into your Xcode test target group.";
		};
/* End PBXShellScriptBuildPhase section */

/* Begin PBXSourcesBuildPhase section */
		D57D621E219DBA0C00A8479F /* Sources */ = {
			isa = PBXSourcesBuildPhase;
			buildActionMask = 2147483647;
			files = (
				D56F23AE219ED2E8009B17B6 /* AppCoordinator.swift in Sources */,
				D56F23B7219ED6E0009B17B6 /* MainScreenCoordinator.swift in Sources */,
				D5932A1C21A0D8C800BBA8E0 /* CustomCell.swift in Sources */,
				D56F23B1219ED2E8009B17B6 /* Coordinator.swift in Sources */,
				D56F23BB219EDA19009B17B6 /* MainViewModelProtocol.swift in Sources */,
				D5CA30FC219EE699007BE8F9 /* Article.swift in Sources */,
				D56F23C0219EDFA8009B17B6 /* RepositoryProtocol.swift in Sources */,
				D56F23B0219ED2E8009B17B6 /* CoordinatorDelegate.swift in Sources */,
				D57D6226219DBA0C00A8479F /* AppDelegate.swift in Sources */,
				D56F23B9219ED949009B17B6 /* MainViewModel.swift in Sources */,
				D5CA30F8219EE311007BE8F9 /* MainViewController.swift in Sources */,
				D56F608121A18C9A00DDE70D /* Repository.swift in Sources */,
			);
			runOnlyForDeploymentPostprocessing = 0;
		};
		D57D6232219DBA0D00A8479F /* Sources */ = {
			isa = PBXSourcesBuildPhase;
			buildActionMask = 2147483647;
			files = (
				D57D623B219DBA0D00A8479F /* MainScreenTests.swift in Sources */,
				D5CA30FE219EEC6A007BE8F9 /* GeneratedMocks.swift in Sources */,
			);
			runOnlyForDeploymentPostprocessing = 0;
		};
/* End PBXSourcesBuildPhase section */

/* Begin PBXTargetDependency section */
		D57D6238219DBA0D00A8479F /* PBXTargetDependency */ = {
			isa = PBXTargetDependency;
			target = D57D6221219DBA0C00A8479F /* AvazBa */;
			targetProxy = D57D6237219DBA0D00A8479F /* PBXContainerItemProxy */;
		};
/* End PBXTargetDependency section */

/* Begin XCBuildConfiguration section */
		D57D623D219DBA0D00A8479F /* Debug */ = {
			isa = XCBuildConfiguration;
			buildSettings = {
				ALWAYS_SEARCH_USER_PATHS = NO;
				CLANG_ANALYZER_NONNULL = YES;
				CLANG_ANALYZER_NUMBER_OBJECT_CONVERSION = YES_AGGRESSIVE;
				CLANG_CXX_LANGUAGE_STANDARD = "gnu++14";
				CLANG_CXX_LIBRARY = "libc++";
				CLANG_ENABLE_MODULES = YES;
				CLANG_ENABLE_OBJC_ARC = YES;
				CLANG_ENABLE_OBJC_WEAK = YES;
				CLANG_WARN_BLOCK_CAPTURE_AUTORELEASING = YES;
				CLANG_WARN_BOOL_CONVERSION = YES;
				CLANG_WARN_COMMA = YES;
				CLANG_WARN_CONSTANT_CONVERSION = YES;
				CLANG_WARN_DEPRECATED_OBJC_IMPLEMENTATIONS = YES;
				CLANG_WARN_DIRECT_OBJC_ISA_USAGE = YES_ERROR;
				CLANG_WARN_DOCUMENTATION_COMMENTS = YES;
				CLANG_WARN_EMPTY_BODY = YES;
				CLANG_WARN_ENUM_CONVERSION = YES;
				CLANG_WARN_INFINITE_RECURSION = YES;
				CLANG_WARN_INT_CONVERSION = YES;
				CLANG_WARN_NON_LITERAL_NULL_CONVERSION = YES;
				CLANG_WARN_OBJC_IMPLICIT_RETAIN_SELF = YES;
				CLANG_WARN_OBJC_LITERAL_CONVERSION = YES;
				CLANG_WARN_OBJC_ROOT_CLASS = YES_ERROR;
				CLANG_WARN_RANGE_LOOP_ANALYSIS = YES;
				CLANG_WARN_STRICT_PROTOTYPES = YES;
				CLANG_WARN_SUSPICIOUS_MOVE = YES;
				CLANG_WARN_UNGUARDED_AVAILABILITY = YES_AGGRESSIVE;
				CLANG_WARN_UNREACHABLE_CODE = YES;
				CLANG_WARN__DUPLICATE_METHOD_MATCH = YES;
				CODE_SIGN_IDENTITY = "iPhone Developer";
				COPY_PHASE_STRIP = NO;
				DEBUG_INFORMATION_FORMAT = dwarf;
				ENABLE_STRICT_OBJC_MSGSEND = YES;
				ENABLE_TESTABILITY = YES;
				GCC_C_LANGUAGE_STANDARD = gnu11;
				GCC_DYNAMIC_NO_PIC = NO;
				GCC_NO_COMMON_BLOCKS = YES;
				GCC_OPTIMIZATION_LEVEL = 0;
				GCC_PREPROCESSOR_DEFINITIONS = (
					"DEBUG=1",
					"$(inherited)",
				);
				GCC_WARN_64_TO_32_BIT_CONVERSION = YES;
				GCC_WARN_ABOUT_RETURN_TYPE = YES_ERROR;
				GCC_WARN_UNDECLARED_SELECTOR = YES;
				GCC_WARN_UNINITIALIZED_AUTOS = YES_AGGRESSIVE;
				GCC_WARN_UNUSED_FUNCTION = YES;
				GCC_WARN_UNUSED_VARIABLE = YES;
				IPHONEOS_DEPLOYMENT_TARGET = 11.4;
				MTL_ENABLE_DEBUG_INFO = YES;
				ONLY_ACTIVE_ARCH = YES;
				SDKROOT = iphoneos;
				SWIFT_ACTIVE_COMPILATION_CONDITIONS = DEBUG;
				SWIFT_OPTIMIZATION_LEVEL = "-Onone";
			};
			name = Debug;
		};
		D57D623E219DBA0D00A8479F /* Release */ = {
			isa = XCBuildConfiguration;
			buildSettings = {
				ALWAYS_SEARCH_USER_PATHS = NO;
				CLANG_ANALYZER_NONNULL = YES;
				CLANG_ANALYZER_NUMBER_OBJECT_CONVERSION = YES_AGGRESSIVE;
				CLANG_CXX_LANGUAGE_STANDARD = "gnu++14";
				CLANG_CXX_LIBRARY = "libc++";
				CLANG_ENABLE_MODULES = YES;
				CLANG_ENABLE_OBJC_ARC = YES;
				CLANG_ENABLE_OBJC_WEAK = YES;
				CLANG_WARN_BLOCK_CAPTURE_AUTORELEASING = YES;
				CLANG_WARN_BOOL_CONVERSION = YES;
				CLANG_WARN_COMMA = YES;
				CLANG_WARN_CONSTANT_CONVERSION = YES;
				CLANG_WARN_DEPRECATED_OBJC_IMPLEMENTATIONS = YES;
				CLANG_WARN_DIRECT_OBJC_ISA_USAGE = YES_ERROR;
				CLANG_WARN_DOCUMENTATION_COMMENTS = YES;
				CLANG_WARN_EMPTY_BODY = YES;
				CLANG_WARN_ENUM_CONVERSION = YES;
				CLANG_WARN_INFINITE_RECURSION = YES;
				CLANG_WARN_INT_CONVERSION = YES;
				CLANG_WARN_NON_LITERAL_NULL_CONVERSION = YES;
				CLANG_WARN_OBJC_IMPLICIT_RETAIN_SELF = YES;
				CLANG_WARN_OBJC_LITERAL_CONVERSION = YES;
				CLANG_WARN_OBJC_ROOT_CLASS = YES_ERROR;
				CLANG_WARN_RANGE_LOOP_ANALYSIS = YES;
				CLANG_WARN_STRICT_PROTOTYPES = YES;
				CLANG_WARN_SUSPICIOUS_MOVE = YES;
				CLANG_WARN_UNGUARDED_AVAILABILITY = YES_AGGRESSIVE;
				CLANG_WARN_UNREACHABLE_CODE = YES;
				CLANG_WARN__DUPLICATE_METHOD_MATCH = YES;
				CODE_SIGN_IDENTITY = "iPhone Developer";
				COPY_PHASE_STRIP = NO;
				DEBUG_INFORMATION_FORMAT = "dwarf-with-dsym";
				ENABLE_NS_ASSERTIONS = NO;
				ENABLE_STRICT_OBJC_MSGSEND = YES;
				GCC_C_LANGUAGE_STANDARD = gnu11;
				GCC_NO_COMMON_BLOCKS = YES;
				GCC_WARN_64_TO_32_BIT_CONVERSION = YES;
				GCC_WARN_ABOUT_RETURN_TYPE = YES_ERROR;
				GCC_WARN_UNDECLARED_SELECTOR = YES;
				GCC_WARN_UNINITIALIZED_AUTOS = YES_AGGRESSIVE;
				GCC_WARN_UNUSED_FUNCTION = YES;
				GCC_WARN_UNUSED_VARIABLE = YES;
				IPHONEOS_DEPLOYMENT_TARGET = 11.4;
				MTL_ENABLE_DEBUG_INFO = NO;
				SDKROOT = iphoneos;
				SWIFT_COMPILATION_MODE = wholemodule;
				SWIFT_OPTIMIZATION_LEVEL = "-O";
				VALIDATE_PRODUCT = YES;
			};
			name = Release;
		};
		D57D6240219DBA0D00A8479F /* Debug */ = {
			isa = XCBuildConfiguration;
			baseConfigurationReference = 62FEDC6E800B8DBF1D759572 /* Pods-AvazBa.debug.xcconfig */;
			buildSettings = {
				ASSETCATALOG_COMPILER_APPICON_NAME = AppIcon;
				CODE_SIGN_STYLE = Automatic;
				INFOPLIST_FILE = AvazBa/Info.plist;
				LD_RUNPATH_SEARCH_PATHS = (
					"$(inherited)",
					"@executable_path/Frameworks",
				);
				PRODUCT_BUNDLE_IDENTIFIER = plava.tvornica.AvazBa;
				PRODUCT_NAME = "$(TARGET_NAME)";
				SWIFT_VERSION = 4.0;
				TARGETED_DEVICE_FAMILY = "1,2";
			};
			name = Debug;
		};
		D57D6241219DBA0D00A8479F /* Release */ = {
			isa = XCBuildConfiguration;
			baseConfigurationReference = 793C02A025C65463D7A0209F /* Pods-AvazBa.release.xcconfig */;
			buildSettings = {
				ASSETCATALOG_COMPILER_APPICON_NAME = AppIcon;
				CODE_SIGN_STYLE = Automatic;
				INFOPLIST_FILE = AvazBa/Info.plist;
				LD_RUNPATH_SEARCH_PATHS = (
					"$(inherited)",
					"@executable_path/Frameworks",
				);
				PRODUCT_BUNDLE_IDENTIFIER = plava.tvornica.AvazBa;
				PRODUCT_NAME = "$(TARGET_NAME)";
				SWIFT_VERSION = 4.0;
				TARGETED_DEVICE_FAMILY = "1,2";
			};
			name = Release;
		};
		D57D6243219DBA0D00A8479F /* Debug */ = {
			isa = XCBuildConfiguration;
			baseConfigurationReference = F81D8A49DBA37939FB664EEB /* Pods-AvazBaTests.debug.xcconfig */;
			buildSettings = {
				ALWAYS_EMBED_SWIFT_STANDARD_LIBRARIES = YES;
				BUNDLE_LOADER = "$(TEST_HOST)";
				CODE_SIGN_STYLE = Automatic;
				INFOPLIST_FILE = AvazBaTests/Info.plist;
				LD_RUNPATH_SEARCH_PATHS = (
					"$(inherited)",
					"@executable_path/Frameworks",
					"@loader_path/Frameworks",
				);
				PRODUCT_BUNDLE_IDENTIFIER = plava.tvornica.AvazBaTests;
				PRODUCT_NAME = "$(TARGET_NAME)";
				SWIFT_VERSION = 4.0;
				TARGETED_DEVICE_FAMILY = "1,2";
				TEST_HOST = "$(BUILT_PRODUCTS_DIR)/AvazBa.app/AvazBa";
			};
			name = Debug;
		};
		D57D6244219DBA0D00A8479F /* Release */ = {
			isa = XCBuildConfiguration;
			baseConfigurationReference = 3F5BEFF6FACB63811E324786 /* Pods-AvazBaTests.release.xcconfig */;
			buildSettings = {
				ALWAYS_EMBED_SWIFT_STANDARD_LIBRARIES = YES;
				BUNDLE_LOADER = "$(TEST_HOST)";
				CODE_SIGN_STYLE = Automatic;
				INFOPLIST_FILE = AvazBaTests/Info.plist;
				LD_RUNPATH_SEARCH_PATHS = (
					"$(inherited)",
					"@executable_path/Frameworks",
					"@loader_path/Frameworks",
				);
				PRODUCT_BUNDLE_IDENTIFIER = plava.tvornica.AvazBaTests;
				PRODUCT_NAME = "$(TARGET_NAME)";
				SWIFT_VERSION = 4.0;
				TARGETED_DEVICE_FAMILY = "1,2";
				TEST_HOST = "$(BUILT_PRODUCTS_DIR)/AvazBa.app/AvazBa";
			};
			name = Release;
		};
/* End XCBuildConfiguration section */

/* Begin XCConfigurationList section */
		D57D621D219DBA0C00A8479F /* Build configuration list for PBXProject "AvazBa" */ = {
			isa = XCConfigurationList;
			buildConfigurations = (
				D57D623D219DBA0D00A8479F /* Debug */,
				D57D623E219DBA0D00A8479F /* Release */,
			);
			defaultConfigurationIsVisible = 0;
			defaultConfigurationName = Release;
		};
		D57D623F219DBA0D00A8479F /* Build configuration list for PBXNativeTarget "AvazBa" */ = {
			isa = XCConfigurationList;
			buildConfigurations = (
				D57D6240219DBA0D00A8479F /* Debug */,
				D57D6241219DBA0D00A8479F /* Release */,
			);
			defaultConfigurationIsVisible = 0;
			defaultConfigurationName = Release;
		};
		D57D6242219DBA0D00A8479F /* Build configuration list for PBXNativeTarget "AvazBaTests" */ = {
			isa = XCConfigurationList;
			buildConfigurations = (
				D57D6243219DBA0D00A8479F /* Debug */,
				D57D6244219DBA0D00A8479F /* Release */,
			);
			defaultConfigurationIsVisible = 0;
			defaultConfigurationName = Release;
		};
/* End XCConfigurationList section */
	};
	rootObject = D57D621A219DBA0C00A8479F /* Project object */;
}
